// !$*UTF8*$!
{
	archiveVersion = 1;
	classes = {
	};
	objectVersion = 56;
	objects = {

/* Begin PBXBuildFile section */
		094AECA02CF37DCE00C73E36 /* ConfigToken.xcconfig in Resources */ = {isa = PBXBuildFile; fileRef = 094AEC9F2CF37DCE00C73E36 /* ConfigToken.xcconfig */; };
		094AECA22CF3837500C73E36 /* NetworkingURLHelper.swift in Sources */ = {isa = PBXBuildFile; fileRef = 094AECA12CF3837500C73E36 /* NetworkingURLHelper.swift */; };
		094AECA42CF3852D00C73E36 /* AvailableCurrency.swift in Sources */ = {isa = PBXBuildFile; fileRef = 094AECA32CF3852D00C73E36 /* AvailableCurrency.swift */; };
		095B25212C1488CA003F3F42 /* AppDelegate.swift in Sources */ = {isa = PBXBuildFile; fileRef = 095B25202C1488CA003F3F42 /* AppDelegate.swift */; };
		095B25232C1488CA003F3F42 /* SceneDelegate.swift in Sources */ = {isa = PBXBuildFile; fileRef = 095B25222C1488CA003F3F42 /* SceneDelegate.swift */; };
		095B252A2C1488CB003F3F42 /* Assets.xcassets in Resources */ = {isa = PBXBuildFile; fileRef = 095B25292C1488CB003F3F42 /* Assets.xcassets */; };
		095B252D2C1488CB003F3F42 /* Base in Resources */ = {isa = PBXBuildFile; fileRef = 095B252C2C1488CB003F3F42 /* Base */; };
		095B25372C148BD6003F3F42 /* _AppCoordinator.swift in Sources */ = {isa = PBXBuildFile; fileRef = 095B25362C148BD6003F3F42 /* _AppCoordinator.swift */; };
		095B25392C148C35003F3F42 /* AppCoordinator.swift in Sources */ = {isa = PBXBuildFile; fileRef = 095B25382C148C35003F3F42 /* AppCoordinator.swift */; };
		095B253D2C148D26003F3F42 /* CurrencyListView.swift in Sources */ = {isa = PBXBuildFile; fileRef = 095B253C2C148D26003F3F42 /* CurrencyListView.swift */; };
		095B253F2C148D37003F3F42 /* CurrencyListViewModel.swift in Sources */ = {isa = PBXBuildFile; fileRef = 095B253E2C148D37003F3F42 /* CurrencyListViewModel.swift */; };
		095B25422C148FC5003F3F42 /* CurrencyDetailsView.swift in Sources */ = {isa = PBXBuildFile; fileRef = 095B25412C148FC5003F3F42 /* CurrencyDetailsView.swift */; };
		095B25442C1493F9003F3F42 /* CurrencyDetailsView_2.swift in Sources */ = {isa = PBXBuildFile; fileRef = 095B25432C1493F9003F3F42 /* CurrencyDetailsView_2.swift */; };
		095B25462C1494B2003F3F42 /* CurrencyDetailsViewModel.swift in Sources */ = {isa = PBXBuildFile; fileRef = 095B25452C1494B2003F3F42 /* CurrencyDetailsViewModel.swift */; };
		095B25482C149951003F3F42 /* CurrencyDetailsView_3.swift in Sources */ = {isa = PBXBuildFile; fileRef = 095B25472C149951003F3F42 /* CurrencyDetailsView_3.swift */; };
		095B254C2C149EFA003F3F42 /* CurrencyDetailsViewModel_2.swift in Sources */ = {isa = PBXBuildFile; fileRef = 095B254B2C149EFA003F3F42 /* CurrencyDetailsViewModel_2.swift */; };
		095B254E2C14A42B003F3F42 /* CurrencyDetailsViewModel_3.swift in Sources */ = {isa = PBXBuildFile; fileRef = 095B254D2C14A42B003F3F42 /* CurrencyDetailsViewModel_3.swift */; };
		095B25512C14BC3B003F3F42 /* BackgroundColor.swift in Sources */ = {isa = PBXBuildFile; fileRef = 095B25502C14BC3B003F3F42 /* BackgroundColor.swift */; };
		095B25552C14BD8A003F3F42 /* Colors.swift in Sources */ = {isa = PBXBuildFile; fileRef = 095B25542C14BD8A003F3F42 /* Colors.swift */; };
		095B255E2C159C15003F3F42 /* Networking.swift in Sources */ = {isa = PBXBuildFile; fileRef = 095B255D2C159C15003F3F42 /* Networking.swift */; };
		095B25642C159F0C003F3F42 /* SDWebImageSwiftUI in Frameworks */ = {isa = PBXBuildFile; productRef = 095B25632C159F0C003F3F42 /* SDWebImageSwiftUI */; };
		095B25672C15A31D003F3F42 /* CurrencyWebImage.swift in Sources */ = {isa = PBXBuildFile; fileRef = 095B25662C15A31D003F3F42 /* CurrencyWebImage.swift */; };
		097A43872CF105570060EE69 /* NetworkingError.swift in Sources */ = {isa = PBXBuildFile; fileRef = 097A43862CF105570060EE69 /* NetworkingError.swift */; };
		097A43952CF106140060EE69 /* MeshGradientBorders.swift in Sources */ = {isa = PBXBuildFile; fileRef = 097A43942CF106140060EE69 /* MeshGradientBorders.swift */; };
		097A43972CF321A60060EE69 /* CurrencyEndpoints.swift in Sources */ = {isa = PBXBuildFile; fileRef = 097A43962CF321A60060EE69 /* CurrencyEndpoints.swift */; };
		097A43992CF340500060EE69 /* APIStatus.swift in Sources */ = {isa = PBXBuildFile; fileRef = 097A43982CF340500060EE69 /* APIStatus.swift */; };
		097A43A02CF34CC70060EE69 /* RatesExchangeService.swift in Sources */ = {isa = PBXBuildFile; fileRef = 097A439F2CF34CC70060EE69 /* RatesExchangeService.swift */; };
/* End PBXBuildFile section */

/* Begin PBXFileReference section */
		094AEC9F2CF37DCE00C73E36 /* ConfigToken.xcconfig */ = {isa = PBXFileReference; lastKnownFileType = text.xcconfig; path = ConfigToken.xcconfig; sourceTree = "<group>"; };
		094AECA12CF3837500C73E36 /* NetworkingURLHelper.swift */ = {isa = PBXFileReference; lastKnownFileType = sourcecode.swift; path = NetworkingURLHelper.swift; sourceTree = "<group>"; };
		094AECA32CF3852D00C73E36 /* AvailableCurrency.swift */ = {isa = PBXFileReference; lastKnownFileType = sourcecode.swift; path = AvailableCurrency.swift; sourceTree = "<group>"; };
		095B251D2C1488CA003F3F42 /* ComfyConverter.app */ = {isa = PBXFileReference; explicitFileType = wrapper.application; includeInIndex = 0; path = ComfyConverter.app; sourceTree = BUILT_PRODUCTS_DIR; };
		095B25202C1488CA003F3F42 /* AppDelegate.swift */ = {isa = PBXFileReference; lastKnownFileType = sourcecode.swift; path = AppDelegate.swift; sourceTree = "<group>"; };
		095B25222C1488CA003F3F42 /* SceneDelegate.swift */ = {isa = PBXFileReference; lastKnownFileType = sourcecode.swift; path = SceneDelegate.swift; sourceTree = "<group>"; };
		095B25292C1488CB003F3F42 /* Assets.xcassets */ = {isa = PBXFileReference; lastKnownFileType = folder.assetcatalog; path = Assets.xcassets; sourceTree = "<group>"; };
		095B252C2C1488CB003F3F42 /* Base */ = {isa = PBXFileReference; lastKnownFileType = file.storyboard; name = Base; path = Base.lproj/LaunchScreen.storyboard; sourceTree = "<group>"; };
		095B252E2C1488CB003F3F42 /* Info.plist */ = {isa = PBXFileReference; lastKnownFileType = text.plist.xml; path = Info.plist; sourceTree = "<group>"; };
		095B25362C148BD6003F3F42 /* _AppCoordinator.swift */ = {isa = PBXFileReference; lastKnownFileType = sourcecode.swift; path = _AppCoordinator.swift; sourceTree = "<group>"; };
		095B25382C148C35003F3F42 /* AppCoordinator.swift */ = {isa = PBXFileReference; lastKnownFileType = sourcecode.swift; path = AppCoordinator.swift; sourceTree = "<group>"; };
		095B253C2C148D26003F3F42 /* CurrencyListView.swift */ = {isa = PBXFileReference; lastKnownFileType = sourcecode.swift; path = CurrencyListView.swift; sourceTree = "<group>"; };
		095B253E2C148D37003F3F42 /* CurrencyListViewModel.swift */ = {isa = PBXFileReference; lastKnownFileType = sourcecode.swift; path = CurrencyListViewModel.swift; sourceTree = "<group>"; };
		095B25412C148FC5003F3F42 /* CurrencyDetailsView.swift */ = {isa = PBXFileReference; lastKnownFileType = sourcecode.swift; path = CurrencyDetailsView.swift; sourceTree = "<group>"; };
		095B25432C1493F9003F3F42 /* CurrencyDetailsView_2.swift */ = {isa = PBXFileReference; lastKnownFileType = sourcecode.swift; path = CurrencyDetailsView_2.swift; sourceTree = "<group>"; };
		095B25452C1494B2003F3F42 /* CurrencyDetailsViewModel.swift */ = {isa = PBXFileReference; lastKnownFileType = sourcecode.swift; path = CurrencyDetailsViewModel.swift; sourceTree = "<group>"; };
		095B25472C149951003F3F42 /* CurrencyDetailsView_3.swift */ = {isa = PBXFileReference; lastKnownFileType = sourcecode.swift; path = CurrencyDetailsView_3.swift; sourceTree = "<group>"; };
		095B254B2C149EFA003F3F42 /* CurrencyDetailsViewModel_2.swift */ = {isa = PBXFileReference; lastKnownFileType = sourcecode.swift; path = CurrencyDetailsViewModel_2.swift; sourceTree = "<group>"; };
		095B254D2C14A42B003F3F42 /* CurrencyDetailsViewModel_3.swift */ = {isa = PBXFileReference; lastKnownFileType = sourcecode.swift; path = CurrencyDetailsViewModel_3.swift; sourceTree = "<group>"; };
		095B25502C14BC3B003F3F42 /* BackgroundColor.swift */ = {isa = PBXFileReference; lastKnownFileType = sourcecode.swift; path = BackgroundColor.swift; sourceTree = "<group>"; };
		095B25542C14BD8A003F3F42 /* Colors.swift */ = {isa = PBXFileReference; lastKnownFileType = sourcecode.swift; path = Colors.swift; sourceTree = "<group>"; };
		095B255D2C159C15003F3F42 /* Networking.swift */ = {isa = PBXFileReference; lastKnownFileType = sourcecode.swift; path = Networking.swift; sourceTree = "<group>"; };
		095B25662C15A31D003F3F42 /* CurrencyWebImage.swift */ = {isa = PBXFileReference; lastKnownFileType = sourcecode.swift; path = CurrencyWebImage.swift; sourceTree = "<group>"; };
		097A43862CF105570060EE69 /* NetworkingError.swift */ = {isa = PBXFileReference; lastKnownFileType = sourcecode.swift; path = NetworkingError.swift; sourceTree = "<group>"; };
		097A43942CF106140060EE69 /* MeshGradientBorders.swift */ = {isa = PBXFileReference; lastKnownFileType = sourcecode.swift; path = MeshGradientBorders.swift; sourceTree = "<group>"; };
		097A43962CF321A60060EE69 /* CurrencyEndpoints.swift */ = {isa = PBXFileReference; lastKnownFileType = sourcecode.swift; path = CurrencyEndpoints.swift; sourceTree = "<group>"; };
		097A43982CF340500060EE69 /* APIStatus.swift */ = {isa = PBXFileReference; lastKnownFileType = sourcecode.swift; path = APIStatus.swift; sourceTree = "<group>"; };
		097A439F2CF34CC70060EE69 /* RatesExchangeService.swift */ = {isa = PBXFileReference; lastKnownFileType = sourcecode.swift; path = RatesExchangeService.swift; sourceTree = "<group>"; };
/* End PBXFileReference section */

/* Begin PBXFrameworksBuildPhase section */
		095B251A2C1488CA003F3F42 /* Frameworks */ = {
			isa = PBXFrameworksBuildPhase;
			buildActionMask = 2147483647;
			files = (
				095B25642C159F0C003F3F42 /* SDWebImageSwiftUI in Frameworks */,
			);
			runOnlyForDeploymentPostprocessing = 0;
		};
/* End PBXFrameworksBuildPhase section */

/* Begin PBXGroup section */
		095B25142C1488CA003F3F42 = {
			isa = PBXGroup;
			children = (
				095B251F2C1488CA003F3F42 /* ComfyConverter */,
				095B251E2C1488CA003F3F42 /* Products */,
			);
			sourceTree = "<group>";
		};
		095B251E2C1488CA003F3F42 /* Products */ = {
			isa = PBXGroup;
			children = (
				095B251D2C1488CA003F3F42 /* ComfyConverter.app */,
			);
			name = Products;
			sourceTree = "<group>";
		};
		095B251F2C1488CA003F3F42 /* ComfyConverter */ = {
			isa = PBXGroup;
			children = (
				095B25562C15956F003F3F42 /* Models */,
				095B253A2C148CD5003F3F42 /* Screens */,
				097A43A12CF34CD00060EE69 /* Services */,
				095B25572C159598003F3F42 /* Networking */,
				095B25342C148B23003F3F42 /* Resources */,
				095B25352C148BA7003F3F42 /* Coordinators */,
				095B254F2C14BC10003F3F42 /* UIComponents */,
				095B25202C1488CA003F3F42 /* AppDelegate.swift */,
				095B25222C1488CA003F3F42 /* SceneDelegate.swift */,
				095B252E2C1488CB003F3F42 /* Info.plist */,
				094AEC9F2CF37DCE00C73E36 /* ConfigToken.xcconfig */,
			);
			path = ComfyConverter;
			sourceTree = "<group>";
		};
		095B25342C148B23003F3F42 /* Resources */ = {
			isa = PBXGroup;
			children = (
				095B252B2C1488CB003F3F42 /* LaunchScreen.storyboard */,
				095B25292C1488CB003F3F42 /* Assets.xcassets */,
			);
			path = Resources;
			sourceTree = "<group>";
		};
		095B25352C148BA7003F3F42 /* Coordinators */ = {
			isa = PBXGroup;
			children = (
				095B25362C148BD6003F3F42 /* _AppCoordinator.swift */,
				095B25382C148C35003F3F42 /* AppCoordinator.swift */,
			);
			path = Coordinators;
			sourceTree = "<group>";
		};
		095B253A2C148CD5003F3F42 /* Screens */ = {
			isa = PBXGroup;
			children = (
				095B254A2C149EC4003F3F42 /* CurrencyDetailsScreen3 */,
				095B25492C149EB2003F3F42 /* CurrencyDetailsScreen2 */,
				095B25402C148FA1003F3F42 /* CurrencyDetailsScreen */,
				095B253B2C148CE9003F3F42 /* CurrencyListScreen */,
			);
			path = Screens;
			sourceTree = "<group>";
		};
		095B253B2C148CE9003F3F42 /* CurrencyListScreen */ = {
			isa = PBXGroup;
			children = (
				095B253E2C148D37003F3F42 /* CurrencyListViewModel.swift */,
				095B253C2C148D26003F3F42 /* CurrencyListView.swift */,
			);
			path = CurrencyListScreen;
			sourceTree = "<group>";
		};
		095B25402C148FA1003F3F42 /* CurrencyDetailsScreen */ = {
			isa = PBXGroup;
			children = (
				095B25452C1494B2003F3F42 /* CurrencyDetailsViewModel.swift */,
				095B25412C148FC5003F3F42 /* CurrencyDetailsView.swift */,
			);
			path = CurrencyDetailsScreen;
			sourceTree = "<group>";
		};
		095B25492C149EB2003F3F42 /* CurrencyDetailsScreen2 */ = {
			isa = PBXGroup;
			children = (
				095B254B2C149EFA003F3F42 /* CurrencyDetailsViewModel_2.swift */,
				095B25432C1493F9003F3F42 /* CurrencyDetailsView_2.swift */,
			);
			path = CurrencyDetailsScreen2;
			sourceTree = "<group>";
		};
		095B254A2C149EC4003F3F42 /* CurrencyDetailsScreen3 */ = {
			isa = PBXGroup;
			children = (
				095B254D2C14A42B003F3F42 /* CurrencyDetailsViewModel_3.swift */,
				095B25472C149951003F3F42 /* CurrencyDetailsView_3.swift */,
			);
			path = CurrencyDetailsScreen3;
			sourceTree = "<group>";
		};
		095B254F2C14BC10003F3F42 /* UIComponents */ = {
			isa = PBXGroup;
			children = (
				095B25652C15A301003F3F42 /* WebImage */,
				095B25532C14BD67003F3F42 /* Colors */,
				095B25522C14BD5B003F3F42 /* ViewModifiers */,
			);
			path = UIComponents;
			sourceTree = "<group>";
		};
		095B25522C14BD5B003F3F42 /* ViewModifiers */ = {
			isa = PBXGroup;
			children = (
				097A43942CF106140060EE69 /* MeshGradientBorders.swift */,
				095B25502C14BC3B003F3F42 /* BackgroundColor.swift */,
			);
			path = ViewModifiers;
			sourceTree = "<group>";
		};
		095B25532C14BD67003F3F42 /* Colors */ = {
			isa = PBXGroup;
			children = (
				095B25542C14BD8A003F3F42 /* Colors.swift */,
			);
			path = Colors;
			sourceTree = "<group>";
		};
		095B25562C15956F003F3F42 /* Models */ = {
			isa = PBXGroup;
			children = (
				097A43982CF340500060EE69 /* APIStatus.swift */,
				094AECA32CF3852D00C73E36 /* AvailableCurrency.swift */,
			);
			path = Models;
			sourceTree = "<group>";
		};
		095B25572C159598003F3F42 /* Networking */ = {
			isa = PBXGroup;
			children = (
				095B255D2C159C15003F3F42 /* Networking.swift */,
				097A43862CF105570060EE69 /* NetworkingError.swift */,
				094AECA12CF3837500C73E36 /* NetworkingURLHelper.swift */,
				097A43962CF321A60060EE69 /* CurrencyEndpoints.swift */,
			);
			path = Networking;
			sourceTree = "<group>";
		};
		095B25652C15A301003F3F42 /* WebImage */ = {
			isa = PBXGroup;
			children = (
				095B25662C15A31D003F3F42 /* CurrencyWebImage.swift */,
			);
			path = WebImage;
			sourceTree = "<group>";
		};
		097A43A12CF34CD00060EE69 /* Services */ = {
			isa = PBXGroup;
			children = (
				097A439F2CF34CC70060EE69 /* RatesExchangeService.swift */,
			);
			path = Services;
			sourceTree = "<group>";
		};
/* End PBXGroup section */

/* Begin PBXNativeTarget section */
		095B251C2C1488CA003F3F42 /* ComfyConverter */ = {
			isa = PBXNativeTarget;
			buildConfigurationList = 095B25312C1488CB003F3F42 /* Build configuration list for PBXNativeTarget "ComfyConverter" */;
			buildPhases = (
				095B25192C1488CA003F3F42 /* Sources */,
				095B251A2C1488CA003F3F42 /* Frameworks */,
				095B251B2C1488CA003F3F42 /* Resources */,
			);
			buildRules = (
			);
			dependencies = (
			);
			name = ComfyConverter;
			packageProductDependencies = (
				095B25632C159F0C003F3F42 /* SDWebImageSwiftUI */,
			);
			productName = ComfyConverter;
			productReference = 095B251D2C1488CA003F3F42 /* ComfyConverter.app */;
			productType = "com.apple.product-type.application";
		};
/* End PBXNativeTarget section */

/* Begin PBXProject section */
		095B25152C1488CA003F3F42 /* Project object */ = {
			isa = PBXProject;
			attributes = {
				BuildIndependentTargetsInParallel = 1;
				LastSwiftUpdateCheck = 1540;
				LastUpgradeCheck = 1540;
				TargetAttributes = {
					095B251C2C1488CA003F3F42 = {
						CreatedOnToolsVersion = 15.4;
					};
				};
			};
			buildConfigurationList = 095B25182C1488CA003F3F42 /* Build configuration list for PBXProject "ComfyConverter" */;
			compatibilityVersion = "Xcode 14.0";
			developmentRegion = en;
			hasScannedForEncodings = 0;
			knownRegions = (
				en,
				Base,
			);
			mainGroup = 095B25142C1488CA003F3F42;
			packageReferences = (
				095B25622C159F0C003F3F42 /* XCRemoteSwiftPackageReference "SDWebImageSwiftUI" */,
			);
			productRefGroup = 095B251E2C1488CA003F3F42 /* Products */;
			projectDirPath = "";
			projectRoot = "";
			targets = (
				095B251C2C1488CA003F3F42 /* ComfyConverter */,
			);
		};
/* End PBXProject section */

/* Begin PBXResourcesBuildPhase section */
		095B251B2C1488CA003F3F42 /* Resources */ = {
			isa = PBXResourcesBuildPhase;
			buildActionMask = 2147483647;
			files = (
				094AECA02CF37DCE00C73E36 /* ConfigToken.xcconfig in Resources */,
				095B252A2C1488CB003F3F42 /* Assets.xcassets in Resources */,
				095B252D2C1488CB003F3F42 /* Base in Resources */,
			);
			runOnlyForDeploymentPostprocessing = 0;
		};
/* End PBXResourcesBuildPhase section */

/* Begin PBXSourcesBuildPhase section */
		095B25192C1488CA003F3F42 /* Sources */ = {
			isa = PBXSourcesBuildPhase;
			buildActionMask = 2147483647;
			files = (
				095B25372C148BD6003F3F42 /* _AppCoordinator.swift in Sources */,
				095B253F2C148D37003F3F42 /* CurrencyListViewModel.swift in Sources */,
				095B25672C15A31D003F3F42 /* CurrencyWebImage.swift in Sources */,
				094AECA22CF3837500C73E36 /* NetworkingURLHelper.swift in Sources */,
				095B25422C148FC5003F3F42 /* CurrencyDetailsView.swift in Sources */,
				097A43872CF105570060EE69 /* NetworkingError.swift in Sources */,
				095B255E2C159C15003F3F42 /* Networking.swift in Sources */,
				095B25552C14BD8A003F3F42 /* Colors.swift in Sources */,
				095B25462C1494B2003F3F42 /* CurrencyDetailsViewModel.swift in Sources */,
				097A43992CF340500060EE69 /* APIStatus.swift in Sources */,
				095B25442C1493F9003F3F42 /* CurrencyDetailsView_2.swift in Sources */,
				095B25392C148C35003F3F42 /* AppCoordinator.swift in Sources */,
				095B25212C1488CA003F3F42 /* AppDelegate.swift in Sources */,
				094AECA42CF3852D00C73E36 /* AvailableCurrency.swift in Sources */,
				097A43952CF106140060EE69 /* MeshGradientBorders.swift in Sources */,
				095B253D2C148D26003F3F42 /* CurrencyListView.swift in Sources */,
				097A43972CF321A60060EE69 /* CurrencyEndpoints.swift in Sources */,
				095B254E2C14A42B003F3F42 /* CurrencyDetailsViewModel_3.swift in Sources */,
				097A43A02CF34CC70060EE69 /* RatesExchangeService.swift in Sources */,
				095B25482C149951003F3F42 /* CurrencyDetailsView_3.swift in Sources */,
				095B25512C14BC3B003F3F42 /* BackgroundColor.swift in Sources */,
				095B254C2C149EFA003F3F42 /* CurrencyDetailsViewModel_2.swift in Sources */,
				095B25232C1488CA003F3F42 /* SceneDelegate.swift in Sources */,
			);
			runOnlyForDeploymentPostprocessing = 0;
		};
/* End PBXSourcesBuildPhase section */

/* Begin PBXVariantGroup section */
		095B252B2C1488CB003F3F42 /* LaunchScreen.storyboard */ = {
			isa = PBXVariantGroup;
			children = (
				095B252C2C1488CB003F3F42 /* Base */,
			);
			name = LaunchScreen.storyboard;
			sourceTree = "<group>";
		};
/* End PBXVariantGroup section */

/* Begin XCBuildConfiguration section */
		095B252F2C1488CB003F3F42 /* Debug */ = {
			isa = XCBuildConfiguration;
			buildSettings = {
				ALWAYS_SEARCH_USER_PATHS = NO;
				ASSETCATALOG_COMPILER_GENERATE_SWIFT_ASSET_SYMBOL_EXTENSIONS = YES;
				CLANG_ANALYZER_NONNULL = YES;
				CLANG_ANALYZER_NUMBER_OBJECT_CONVERSION = YES_AGGRESSIVE;
				CLANG_CXX_LANGUAGE_STANDARD = "gnu++20";
				CLANG_ENABLE_MODULES = YES;
				CLANG_ENABLE_OBJC_ARC = YES;
				CLANG_ENABLE_OBJC_WEAK = YES;
				CLANG_WARN_BLOCK_CAPTURE_AUTORELEASING = YES;
				CLANG_WARN_BOOL_CONVERSION = YES;
				CLANG_WARN_COMMA = YES;
				CLANG_WARN_CONSTANT_CONVERSION = YES;
				CLANG_WARN_DEPRECATED_OBJC_IMPLEMENTATIONS = YES;
				CLANG_WARN_DIRECT_OBJC_ISA_USAGE = YES_ERROR;
				CLANG_WARN_DOCUMENTATION_COMMENTS = YES;
				CLANG_WARN_EMPTY_BODY = YES;
				CLANG_WARN_ENUM_CONVERSION = YES;
				CLANG_WARN_INFINITE_RECURSION = YES;
				CLANG_WARN_INT_CONVERSION = YES;
				CLANG_WARN_NON_LITERAL_NULL_CONVERSION = YES;
				CLANG_WARN_OBJC_IMPLICIT_RETAIN_SELF = YES;
				CLANG_WARN_OBJC_LITERAL_CONVERSION = YES;
				CLANG_WARN_OBJC_ROOT_CLASS = YES_ERROR;
				CLANG_WARN_QUOTED_INCLUDE_IN_FRAMEWORK_HEADER = YES;
				CLANG_WARN_RANGE_LOOP_ANALYSIS = YES;
				CLANG_WARN_STRICT_PROTOTYPES = YES;
				CLANG_WARN_SUSPICIOUS_MOVE = YES;
				CLANG_WARN_UNGUARDED_AVAILABILITY = YES_AGGRESSIVE;
				CLANG_WARN_UNREACHABLE_CODE = YES;
				CLANG_WARN__DUPLICATE_METHOD_MATCH = YES;
				COPY_PHASE_STRIP = NO;
				DEBUG_INFORMATION_FORMAT = dwarf;
				ENABLE_STRICT_OBJC_MSGSEND = YES;
				ENABLE_TESTABILITY = YES;
				ENABLE_USER_SCRIPT_SANDBOXING = YES;
				GCC_C_LANGUAGE_STANDARD = gnu17;
				GCC_DYNAMIC_NO_PIC = NO;
				GCC_NO_COMMON_BLOCKS = YES;
				GCC_OPTIMIZATION_LEVEL = 0;
				GCC_PREPROCESSOR_DEFINITIONS = (
					"DEBUG=1",
					"$(inherited)",
				);
				GCC_WARN_64_TO_32_BIT_CONVERSION = YES;
				GCC_WARN_ABOUT_RETURN_TYPE = YES_ERROR;
				GCC_WARN_UNDECLARED_SELECTOR = YES;
				GCC_WARN_UNINITIALIZED_AUTOS = YES_AGGRESSIVE;
				GCC_WARN_UNUSED_FUNCTION = YES;
				GCC_WARN_UNUSED_VARIABLE = YES;
				IPHONEOS_DEPLOYMENT_TARGET = 17.5;
				LOCALIZATION_PREFERS_STRING_CATALOGS = YES;
				MTL_ENABLE_DEBUG_INFO = INCLUDE_SOURCE;
				MTL_FAST_MATH = YES;
				ONLY_ACTIVE_ARCH = YES;
				SDKROOT = iphoneos;
				SWIFT_ACTIVE_COMPILATION_CONDITIONS = "DEBUG $(inherited)";
				SWIFT_OPTIMIZATION_LEVEL = "-Onone";
			};
			name = Debug;
		};
		095B25302C1488CB003F3F42 /* Release */ = {
			isa = XCBuildConfiguration;
			buildSettings = {
				ALWAYS_SEARCH_USER_PATHS = NO;
				ASSETCATALOG_COMPILER_GENERATE_SWIFT_ASSET_SYMBOL_EXTENSIONS = YES;
				CLANG_ANALYZER_NONNULL = YES;
				CLANG_ANALYZER_NUMBER_OBJECT_CONVERSION = YES_AGGRESSIVE;
				CLANG_CXX_LANGUAGE_STANDARD = "gnu++20";
				CLANG_ENABLE_MODULES = YES;
				CLANG_ENABLE_OBJC_ARC = YES;
				CLANG_ENABLE_OBJC_WEAK = YES;
				CLANG_WARN_BLOCK_CAPTURE_AUTORELEASING = YES;
				CLANG_WARN_BOOL_CONVERSION = YES;
				CLANG_WARN_COMMA = YES;
				CLANG_WARN_CONSTANT_CONVERSION = YES;
				CLANG_WARN_DEPRECATED_OBJC_IMPLEMENTATIONS = YES;
				CLANG_WARN_DIRECT_OBJC_ISA_USAGE = YES_ERROR;
				CLANG_WARN_DOCUMENTATION_COMMENTS = YES;
				CLANG_WARN_EMPTY_BODY = YES;
				CLANG_WARN_ENUM_CONVERSION = YES;
				CLANG_WARN_INFINITE_RECURSION = YES;
				CLANG_WARN_INT_CONVERSION = YES;
				CLANG_WARN_NON_LITERAL_NULL_CONVERSION = YES;
				CLANG_WARN_OBJC_IMPLICIT_RETAIN_SELF = YES;
				CLANG_WARN_OBJC_LITERAL_CONVERSION = YES;
				CLANG_WARN_OBJC_ROOT_CLASS = YES_ERROR;
				CLANG_WARN_QUOTED_INCLUDE_IN_FRAMEWORK_HEADER = YES;
				CLANG_WARN_RANGE_LOOP_ANALYSIS = YES;
				CLANG_WARN_STRICT_PROTOTYPES = YES;
				CLANG_WARN_SUSPICIOUS_MOVE = YES;
				CLANG_WARN_UNGUARDED_AVAILABILITY = YES_AGGRESSIVE;
				CLANG_WARN_UNREACHABLE_CODE = YES;
				CLANG_WARN__DUPLICATE_METHOD_MATCH = YES;
				COPY_PHASE_STRIP = NO;
				DEBUG_INFORMATION_FORMAT = "dwarf-with-dsym";
				ENABLE_NS_ASSERTIONS = NO;
				ENABLE_STRICT_OBJC_MSGSEND = YES;
				ENABLE_USER_SCRIPT_SANDBOXING = YES;
				GCC_C_LANGUAGE_STANDARD = gnu17;
				GCC_NO_COMMON_BLOCKS = YES;
				GCC_WARN_64_TO_32_BIT_CONVERSION = YES;
				GCC_WARN_ABOUT_RETURN_TYPE = YES_ERROR;
				GCC_WARN_UNDECLARED_SELECTOR = YES;
				GCC_WARN_UNINITIALIZED_AUTOS = YES_AGGRESSIVE;
				GCC_WARN_UNUSED_FUNCTION = YES;
				GCC_WARN_UNUSED_VARIABLE = YES;
				IPHONEOS_DEPLOYMENT_TARGET = 17.5;
				LOCALIZATION_PREFERS_STRING_CATALOGS = YES;
				MTL_ENABLE_DEBUG_INFO = NO;
				MTL_FAST_MATH = YES;
				SDKROOT = iphoneos;
				SWIFT_COMPILATION_MODE = wholemodule;
				VALIDATE_PRODUCT = YES;
			};
			name = Release;
		};
		095B25322C1488CB003F3F42 /* Debug */ = {
			isa = XCBuildConfiguration;
			baseConfigurationReference = 094AEC9F2CF37DCE00C73E36 /* ConfigToken.xcconfig */;
			buildSettings = {
				ASSETCATALOG_COMPILER_APPICON_NAME = AppIcon;
				ASSETCATALOG_COMPILER_GLOBAL_ACCENT_COLOR_NAME = AccentColor;
				CODE_SIGN_STYLE = Automatic;
				CURRENT_PROJECT_VERSION = 1;
				DEVELOPMENT_TEAM = 8GJMP9US45;
				GENERATE_INFOPLIST_FILE = YES;
				INFOPLIST_FILE = ComfyConverter/Info.plist;
				INFOPLIST_KEY_LSApplicationCategoryType = "public.app-category.finance";
				INFOPLIST_KEY_UIApplicationSupportsIndirectInputEvents = YES;
				INFOPLIST_KEY_UILaunchStoryboardName = LaunchScreen;
				INFOPLIST_KEY_UISupportedInterfaceOrientations = UIInterfaceOrientationPortrait;
				IPHONEOS_DEPLOYMENT_TARGET = 18.0;
				LD_RUNPATH_SEARCH_PATHS = (
					"$(inherited)",
					"@executable_path/Frameworks",
				);
				MARKETING_VERSION = 1.0;
				PRODUCT_BUNDLE_IDENTIFIER = ilyailyaovch.ComfyConverter;
				PRODUCT_NAME = "$(TARGET_NAME)";
				SWIFT_EMIT_LOC_STRINGS = YES;
				SWIFT_VERSION = 5.0;
				TARGETED_DEVICE_FAMILY = "1,2";
			};
			name = Debug;
		};
		095B25332C1488CB003F3F42 /* Release */ = {
			isa = XCBuildConfiguration;
			baseConfigurationReference = 094AEC9F2CF37DCE00C73E36 /* ConfigToken.xcconfig */;
			buildSettings = {
				ASSETCATALOG_COMPILER_APPICON_NAME = AppIcon;
				ASSETCATALOG_COMPILER_GLOBAL_ACCENT_COLOR_NAME = AccentColor;
				CODE_SIGN_STYLE = Automatic;
				CURRENT_PROJECT_VERSION = 1;
				DEVELOPMENT_TEAM = 8GJMP9US45;
				GENERATE_INFOPLIST_FILE = YES;
				INFOPLIST_FILE = ComfyConverter/Info.plist;
				INFOPLIST_KEY_LSApplicationCategoryType = "public.app-category.finance";
				INFOPLIST_KEY_UIApplicationSupportsIndirectInputEvents = YES;
				INFOPLIST_KEY_UILaunchStoryboardName = LaunchScreen;
				INFOPLIST_KEY_UISupportedInterfaceOrientations = UIInterfaceOrientationPortrait;
				IPHONEOS_DEPLOYMENT_TARGET = 18.0;
				LD_RUNPATH_SEARCH_PATHS = (
					"$(inherited)",
					"@executable_path/Frameworks",
				);
				MARKETING_VERSION = 1.0;
				PRODUCT_BUNDLE_IDENTIFIER = ilyailyaovch.ComfyConverter;
				PRODUCT_NAME = "$(TARGET_NAME)";
				SWIFT_EMIT_LOC_STRINGS = YES;
				SWIFT_VERSION = 5.0;
				TARGETED_DEVICE_FAMILY = "1,2";
			};
			name = Release;
		};
/* End XCBuildConfiguration section */

/* Begin XCConfigurationList section */
		095B25182C1488CA003F3F42 /* Build configuration list for PBXProject "ComfyConverter" */ = {
			isa = XCConfigurationList;
			buildConfigurations = (
				095B252F2C1488CB003F3F42 /* Debug */,
				095B25302C1488CB003F3F42 /* Release */,
			);
			defaultConfigurationIsVisible = 0;
			defaultConfigurationName = Release;
		};
		095B25312C1488CB003F3F42 /* Build configuration list for PBXNativeTarget "ComfyConverter" */ = {
			isa = XCConfigurationList;
			buildConfigurations = (
				095B25322C1488CB003F3F42 /* Debug */,
				095B25332C1488CB003F3F42 /* Release */,
			);
			defaultConfigurationIsVisible = 0;
			defaultConfigurationName = Release;
		};
/* End XCConfigurationList section */

/* Begin XCRemoteSwiftPackageReference section */
		095B25622C159F0C003F3F42 /* XCRemoteSwiftPackageReference "SDWebImageSwiftUI" */ = {
			isa = XCRemoteSwiftPackageReference;
			repositoryURL = "https://github.com/SDWebImage/SDWebImageSwiftUI.git";
			requirement = {
				kind = upToNextMajorVersion;
				minimumVersion = 3.0.4;
			};
		};
/* End XCRemoteSwiftPackageReference section */

/* Begin XCSwiftPackageProductDependency section */
		095B25632C159F0C003F3F42 /* SDWebImageSwiftUI */ = {
			isa = XCSwiftPackageProductDependency;
			package = 095B25622C159F0C003F3F42 /* XCRemoteSwiftPackageReference "SDWebImageSwiftUI" */;
			productName = SDWebImageSwiftUI;
		};
/* End XCSwiftPackageProductDependency section */
	};
	rootObject = 095B25152C1488CA003F3F42 /* Project object */;
}
